hash: c36f5c282ed26492602c44b1e8c587e39f825570320bcf40f6f07084908d11bf
updated: 2019-10-30T20:55:11.532714841+08:00
imports:
- name: github.com/gin-contrib/sse
  version: 43f0f29dbd2b3f0feeebff91fd9cda22db296938
- name: github.com/gin-gonic/gin
  version: b75d67cd51eb53c3c3a2fc406524c940021ffbda
  subpackages:
  - binding
  - internal/json
  - render
- name: github.com/golang/protobuf
  version: ed6926b37a637426117ccab59282c3839528a700
  subpackages:
  - proto
- name: github.com/json-iterator/go
  version: dc11f49689fd1c9a6de20749def70bd889bf0d42
- name: github.com/mattn/go-isatty
  version: 0e9ddb7c0c0aef74fa25eaba4141e6b5ab7aca2a
- name: github.com/modern-go/concurrent
  version: bacd9c7ef1dd9b15be4a9909b8ac7a4e313eec94
- name: github.com/modern-go/reflect2
  version: 94122c33edd36123c84d5368cfb2b69df93a0ec8
- name: github.com/ugorji/go
  version: 42bc974514ff101a54c6b72a0e4dee29d96c0b26
  subpackages:
  - codec
- name: golang.org/x/sys/unix
  version: f8518d3b3627146e88bd43ca73045e1b8d8eb6c6
- name: gopkg.in/go-playground/validator.v8
  version: 5f1438d3fca68893a817e4a66806cea46a9e4ebf
- name: gopkg.in/yaml.v2
  version: f221b8435cfb71e54062f6c6e99e9ade30b124d5
testImports: []
